
Microsoft Visual Studio Solution File, Format Version 12.00
# Visual Studio Version 17
VisualStudioVersion = 17.7.34031.279
MinimumVisualStudioVersion = 10.0.40219.1
Project("{FAE04EC0-301F-11D3-BF4B-00C04F79EFBC}") = "Super-project", "Super-project\Super-project.csproj", "{27C1AA02-6A58-470C-A3EA-D821960A92B7}"
EndProject
Global
	GlobalSection(SolutionConfigurationPlatforms) = preSolution
		Debug|Any CPU = Debug|Any CPU
		Release|Any CPU = Release|Any CPU
	EndGlobalSection
	GlobalSection(ProjectConfigurationPlatforms) = postSolution
		{27C1AA02-6A58-470C-A3EA-D821960A92B7}.Debug|Any CPU.ActiveCfg = Debug|Any CPU
		{27C1AA02-6A58-470C-A3EA-D821960A92B7}.Debug|Any CPU.Build.0 = Debug|Any CPU
		{27C1AA02-6A58-470C-A3EA-D821960A92B7}.Release|Any CPU.ActiveCfg = Release|Any CPU
		{27C1AA02-6A58-470C-A3EA-D821960A92B7}.Release|Any CPU.Build.0 = Release|Any CPU
	EndGlobalSection
	GlobalSection(SolutionProperties) = preSolution
		HideSolutionNode = FALSE
	EndGlobalSection
	GlobalSection(ExtensibilityGlobals) = postSolution
		SolutionGuid = {B446C8DE-A757-4FB7-A419-40F2E65853C6}
	EndGlobalSection
EndGlobal
